{
  "name": "test",
  "version": "1.0.0",
  "lockfileVersion": 1,
  "requires": true,
  "dependencies": {
    "fp-ts": {
      "version": "2.2.0",
      "resolved": "https://registry.npmjs.org/fp-ts/-/fp-ts-2.2.0.tgz",
      "integrity": "sha512-muJL9NOYluuoRezrvOyQvLAHIXrYg7u/Tc6cu4PP/Ed4TJKrm6BVSX8H1goT/4nhgP/yQ+Z4Xjjt4ijeKFX4Ng=="
    },
    "io-interface": {
      "version": "0.1.1",
      "resolved": "https://registry.npmjs.org/io-interface/-/io-interface-0.1.1.tgz",
      "integrity": "sha512-+fUFWlxrKrQLSboEhbGh9/ft+8mtpcYqJ55qwRGnJI/X3uUEUTbaGukDnUGoKRu/I3VtAUe4tuUQ9IOUKRPLHA==",
      "requires": {
        "fp-ts": "^2.2.0",
        "ts-transformer-interface": "^1.2.0"
      }
    },
    "io-ts": {
      "version": "2.0.1",
      "resolved": "https://registry.npmjs.org/io-ts/-/io-ts-2.0.1.tgz",
      "integrity": "sha512-RezD+WcCfW4VkMkEcQWL/Nmy/nqsWTvTYg7oUmTGzglvSSV2P9h2z1PVeREPFf0GWNzruYleAt1XCMQZSg1xxQ==",
      "dev": true
    },
    "ts-transformer-interface": {
      "version": "1.2.0",
      "resolved": "https://registry.npmjs.org/ts-transformer-interface/-/ts-transformer-interface-1.2.0.tgz",
      "integrity": "sha512-8Lh2ew0xPATBm5eSI5twNUJvK2spnCDVf2YWp8GD3/i9uqCA8772niC+yIiwX+ayrFeqnvYHuPB5peYGVMHXSA=="
    },
    "typescript": {
      "version": "3.7.2",
      "resolved": "https://registry.npmjs.org/typescript/-/typescript-3.7.2.tgz",
      "integrity": "sha512-ml7V7JfiN2Xwvcer+XAf2csGO1bPBdRbFCkYBczNZggrBZ9c7G3riSUeJmqEU5uOtXNPMhE3n+R4FA/3YOAWOQ==",
      "dev": true
    }
  }
}
